
Microsoft Visual Studio Solution File, Format Version 12.00
# Visual Studio 15
VisualStudioVersion = 15.0.26124.0
MinimumVisualStudioVersion = 15.0.26124.0
Project("{2150E333-8FDC-42A3-9474-1A3956D46DE8}") = "src", "src", "{B05628CE-7472-42C3-B131-91B862F82F12}"
EndProject
Project("{FAE04EC0-301F-11D3-BF4B-00C04F79EFBC}") = "Mayhap", "src\Mayhap\Mayhap.csproj", "{39B37B96-C653-4EAB-95AE-AFC55E6A2B62}"
EndProject
Project("{2150E333-8FDC-42A3-9474-1A3956D46DE8}") = "samples", "samples", "{3365ACA6-03B1-4935-9828-FB03139329C1}"
EndProject
Project("{FAE04EC0-301F-11D3-BF4B-00C04F79EFBC}") = "Mayhap.Samples", "samples\Mayhap.Samples\Mayhap.Samples.csproj", "{30133D58-B6C9-41E0-9DFC-62D6D6C005AE}"
EndProject
Global
	GlobalSection(SolutionConfigurationPlatforms) = preSolution
		Debug|Any CPU = Debug|Any CPU
		Debug|x64 = Debug|x64
		Debug|x86 = Debug|x86
		Release|Any CPU = Release|Any CPU
		Release|x64 = Release|x64
		Release|x86 = Release|x86
	EndGlobalSection
	GlobalSection(SolutionProperties) = preSolution
		HideSolutionNode = FALSE
	EndGlobalSection
	GlobalSection(ProjectConfigurationPlatforms) = postSolution
		{39B37B96-C653-4EAB-95AE-AFC55E6A2B62}.Debug|Any CPU.ActiveCfg = Debug|Any CPU
		{39B37B96-C653-4EAB-95AE-AFC55E6A2B62}.Debug|Any CPU.Build.0 = Debug|Any CPU
		{39B37B96-C653-4EAB-95AE-AFC55E6A2B62}.Debug|x64.ActiveCfg = Debug|Any CPU
		{39B37B96-C653-4EAB-95AE-AFC55E6A2B62}.Debug|x64.Build.0 = Debug|Any CPU
		{39B37B96-C653-4EAB-95AE-AFC55E6A2B62}.Debug|x86.ActiveCfg = Debug|Any CPU
		{39B37B96-C653-4EAB-95AE-AFC55E6A2B62}.Debug|x86.Build.0 = Debug|Any CPU
		{39B37B96-C653-4EAB-95AE-AFC55E6A2B62}.Release|Any CPU.ActiveCfg = Release|Any CPU
		{39B37B96-C653-4EAB-95AE-AFC55E6A2B62}.Release|Any CPU.Build.0 = Release|Any CPU
		{39B37B96-C653-4EAB-95AE-AFC55E6A2B62}.Release|x64.ActiveCfg = Release|Any CPU
		{39B37B96-C653-4EAB-95AE-AFC55E6A2B62}.Release|x64.Build.0 = Release|Any CPU
		{39B37B96-C653-4EAB-95AE-AFC55E6A2B62}.Release|x86.ActiveCfg = Release|Any CPU
		{39B37B96-C653-4EAB-95AE-AFC55E6A2B62}.Release|x86.Build.0 = Release|Any CPU
		{30133D58-B6C9-41E0-9DFC-62D6D6C005AE}.Debug|Any CPU.ActiveCfg = Debug|Any CPU
		{30133D58-B6C9-41E0-9DFC-62D6D6C005AE}.Debug|Any CPU.Build.0 = Debug|Any CPU
		{30133D58-B6C9-41E0-9DFC-62D6D6C005AE}.Debug|x64.ActiveCfg = Debug|Any CPU
		{30133D58-B6C9-41E0-9DFC-62D6D6C005AE}.Debug|x64.Build.0 = Debug|Any CPU
		{30133D58-B6C9-41E0-9DFC-62D6D6C005AE}.Debug|x86.ActiveCfg = Debug|Any CPU
		{30133D58-B6C9-41E0-9DFC-62D6D6C005AE}.Debug|x86.Build.0 = Debug|Any CPU
		{30133D58-B6C9-41E0-9DFC-62D6D6C005AE}.Release|Any CPU.ActiveCfg = Release|Any CPU
		{30133D58-B6C9-41E0-9DFC-62D6D6C005AE}.Release|Any CPU.Build.0 = Release|Any CPU
		{30133D58-B6C9-41E0-9DFC-62D6D6C005AE}.Release|x64.ActiveCfg = Release|Any CPU
		{30133D58-B6C9-41E0-9DFC-62D6D6C005AE}.Release|x64.Build.0 = Release|Any CPU
		{30133D58-B6C9-41E0-9DFC-62D6D6C005AE}.Release|x86.ActiveCfg = Release|Any CPU
		{30133D58-B6C9-41E0-9DFC-62D6D6C005AE}.Release|x86.Build.0 = Release|Any CPU
	EndGlobalSection
	GlobalSection(NestedProjects) = preSolution
		{39B37B96-C653-4EAB-95AE-AFC55E6A2B62} = {B05628CE-7472-42C3-B131-91B862F82F12}
		{30133D58-B6C9-41E0-9DFC-62D6D6C005AE} = {3365ACA6-03B1-4935-9828-FB03139329C1}
	EndGlobalSection
EndGlobal
